
Microsoft Visual Studio Solution File, Format Version 12.00
# Visual Studio Version 16
VisualStudioVersion = 16.0.30320.27
MinimumVisualStudioVersion = 10.0.40219.1
Project("{FAE04EC0-301F-11D3-BF4B-00C04F79EFBC}") = "StellConAPI", "StellConAPI\StellConAPI.csproj", "{9C52FE8A-6295-4D36-9F07-D912551B2B4C}"
EndProject
Global
	GlobalSection(SolutionConfigurationPlatforms) = preSolution
		Debug|Any CPU = Debug|Any CPU
		Release|Any CPU = Release|Any CPU
	EndGlobalSection
	GlobalSection(ProjectConfigurationPlatforms) = postSolution
		{9C52FE8A-6295-4D36-9F07-D912551B2B4C}.Debug|Any CPU.ActiveCfg = Debug|Any CPU
		{9C52FE8A-6295-4D36-9F07-D912551B2B4C}.Debug|Any CPU.Build.0 = Debug|Any CPU
		{9C52FE8A-6295-4D36-9F07-D912551B2B4C}.Release|Any CPU.ActiveCfg = Release|Any CPU
		{9C52FE8A-6295-4D36-9F07-D912551B2B4C}.Release|Any CPU.Build.0 = Release|Any CPU
	EndGlobalSection
	GlobalSection(SolutionProperties) = preSolution
		HideSolutionNode = FALSE
	EndGlobalSection
	GlobalSection(ExtensibilityGlobals) = postSolution
		SolutionGuid = {0DF27684-1D00-49C0-8DA7-C55027356742}
	EndGlobalSection
EndGlobal
